
Microsoft Visual Studio Solution File, Format Version 9.00
# Visual Studio 2005
Project("{FAE04EC0-301F-11D3-BF4B-00C04F79EFBC}") = "InvPBCCDC", "InvPBCCDC.csproj", "{759B4209-5F32-4516-84BA-595E86AA2A41}"
EndProject
Project("{FAE04EC0-301F-11D3-BF4B-00C04F79EFBC}") = "TrichLap", "..\TrichLap\TrichLap.csproj", "{27EC7EA6-1E77-4CBF-A01C-D58364A05D0D}"
EndProject
Project("{FAE04EC0-301F-11D3-BF4B-00C04F79EFBC}") = "CDT", "..\CDT\CDT.csproj", "{A48C0424-B640-40F9-9F72-9D96667B6160}"
EndProject
Global
	GlobalSection(SolutionConfigurationPlatforms) = preSolution
		Debug|Any CPU = Debug|Any CPU
		Release|Any CPU = Release|Any CPU
	EndGlobalSection
	GlobalSection(ProjectConfigurationPlatforms) = postSolution
		{759B4209-5F32-4516-84BA-595E86AA2A41}.Debug|Any CPU.ActiveCfg = Debug|Any CPU
		{759B4209-5F32-4516-84BA-595E86AA2A41}.Debug|Any CPU.Build.0 = Debug|Any CPU
		{759B4209-5F32-4516-84BA-595E86AA2A41}.Release|Any CPU.ActiveCfg = Release|Any CPU
		{759B4209-5F32-4516-84BA-595E86AA2A41}.Release|Any CPU.Build.0 = Release|Any CPU
		{27EC7EA6-1E77-4CBF-A01C-D58364A05D0D}.Debug|Any CPU.ActiveCfg = Debug|Any CPU
		{27EC7EA6-1E77-4CBF-A01C-D58364A05D0D}.Debug|Any CPU.Build.0 = Debug|Any CPU
		{27EC7EA6-1E77-4CBF-A01C-D58364A05D0D}.Release|Any CPU.ActiveCfg = Release|Any CPU
		{27EC7EA6-1E77-4CBF-A01C-D58364A05D0D}.Release|Any CPU.Build.0 = Release|Any CPU
		{A48C0424-B640-40F9-9F72-9D96667B6160}.Debug|Any CPU.ActiveCfg = Debug|Any CPU
		{A48C0424-B640-40F9-9F72-9D96667B6160}.Debug|Any CPU.Build.0 = Debug|Any CPU
		{A48C0424-B640-40F9-9F72-9D96667B6160}.Release|Any CPU.ActiveCfg = Release|Any CPU
		{A48C0424-B640-40F9-9F72-9D96667B6160}.Release|Any CPU.Build.0 = Release|Any CPU
	EndGlobalSection
	GlobalSection(SolutionProperties) = preSolution
		HideSolutionNode = FALSE
	EndGlobalSection
EndGlobal
