
Microsoft Visual Studio Solution File, Format Version 12.00
# Visual Studio 2010
Project("{FAE04EC0-301F-11D3-BF4B-00C04F79EFBC}") = "CDT", "CDT\CDT.csproj", "{A48C0424-B640-40F9-9F72-9D96667B6160}"
EndProject
Project("{FAE04EC0-301F-11D3-BF4B-00C04F79EFBC}") = "ImportDA", "ImportDA\ImportDA.csproj", "{5B487CBA-9220-4739-BE97-BBDA8767F40C}"
EndProject
Project("{FAE04EC0-301F-11D3-BF4B-00C04F79EFBC}") = "CheckSoCMND", "CheckSoCMND\CheckSoCMND.csproj", "{BA8701DD-4D1A-447B-9014-7653CE1F93CF}"
EndProject
Project("{FAE04EC0-301F-11D3-BF4B-00C04F79EFBC}") = "KiemTraLoaiKH", "KiemTraLoaiKH\KiemTraLoaiKH.csproj", "{FBE02B5C-1814-4327-9D9D-ADFB3C851050}"
EndProject
Project("{FAE04EC0-301F-11D3-BF4B-00C04F79EFBC}") = "LuuGiayNhanNo", "LuuGiayNhanNo\LuuGiayNhanNo.csproj", "{EE77EFEF-F53A-4897-BB62-C31000E2D3BB}"
EndProject
Project("{FAE04EC0-301F-11D3-BF4B-00C04F79EFBC}") = "CapNhatGiaiNgan", "CapNhatGiaiNgan\CapNhatGiaiNgan.csproj", "{1100D862-EE7B-4BA2-B16A-EEE8753FDE0F}"
EndProject
Project("{FAE04EC0-301F-11D3-BF4B-00C04F79EFBC}") = "TinhTrangDA", "TinhTrangDA\TinhTrangDA.csproj", "{060948B5-895D-40A4-AD74-A2D37BBDA4C3}"
EndProject
Project("{FAE04EC0-301F-11D3-BF4B-00C04F79EFBC}") = "DuAnVay", "DuAnVay\DuAnVay.csproj", "{C05C7794-2C81-4857-844B-6CFDCE702156}"
EndProject
Project("{FAE04EC0-301F-11D3-BF4B-00C04F79EFBC}") = "GLKC", "GLCK\GLKC.csproj", "{2425244C-1FC9-48B2-B76E-6B304F3CDBA6}"
EndProject
Project("{FAE04EC0-301F-11D3-BF4B-00C04F79EFBC}") = "KiemtraTKDT", "KiemtraTKDT\KiemtraTKDT.csproj", "{0463B892-B83A-4DAA-869B-F9385E15D738}"
EndProject
Project("{FAE04EC0-301F-11D3-BF4B-00C04F79EFBC}") = "InvPBCCDC", "InvPBCCDC\InvPBCCDC.csproj", "{759B4209-5F32-4516-84BA-595E86AA2A41}"
EndProject
Project("{FAE04EC0-301F-11D3-BF4B-00C04F79EFBC}") = "PBCP", "PBCP\PBCP.csproj", "{EDB0075D-BE75-481E-A56F-61EA6E1BAA16}"
EndProject
Project("{FAE04EC0-301F-11D3-BF4B-00C04F79EFBC}") = "TrichLap", "TrichLap\TrichLap.csproj", "{27EC7EA6-1E77-4CBF-A01C-D58364A05D0D}"
EndProject
Project("{FAE04EC0-301F-11D3-BF4B-00C04F79EFBC}") = "TaoSoCT", "TaoSoCT\TaoSoCT.csproj", "{70675401-AEB2-442B-B7C5-52B76ADC0AC4}"
EndProject
Project("{FAE04EC0-301F-11D3-BF4B-00C04F79EFBC}") = "ChonCQCapVon", "ChonCQCapVon\ChonCQCapVon.csproj", "{12FB48D7-8671-4DEF-951F-E055F177D73A}"
EndProject
Project("{FAE04EC0-301F-11D3-BF4B-00C04F79EFBC}") = "ThuVonPhi", "ThuVonPhi\ThuVonPhi.csproj", "{1848849B-DF9F-4F4C-97DF-2D5CA7E8D5DB}"
EndProject
Global
	GlobalSection(SolutionConfigurationPlatforms) = preSolution
		Debug|Any CPU = Debug|Any CPU
		Release|Any CPU = Release|Any CPU
	EndGlobalSection
	GlobalSection(ProjectConfigurationPlatforms) = postSolution
		{A48C0424-B640-40F9-9F72-9D96667B6160}.Debug|Any CPU.ActiveCfg = Debug|Any CPU
		{A48C0424-B640-40F9-9F72-9D96667B6160}.Debug|Any CPU.Build.0 = Debug|Any CPU
		{A48C0424-B640-40F9-9F72-9D96667B6160}.Release|Any CPU.ActiveCfg = Release|Any CPU
		{A48C0424-B640-40F9-9F72-9D96667B6160}.Release|Any CPU.Build.0 = Release|Any CPU
		{5B487CBA-9220-4739-BE97-BBDA8767F40C}.Debug|Any CPU.ActiveCfg = Debug|Any CPU
		{5B487CBA-9220-4739-BE97-BBDA8767F40C}.Debug|Any CPU.Build.0 = Debug|Any CPU
		{5B487CBA-9220-4739-BE97-BBDA8767F40C}.Release|Any CPU.ActiveCfg = Release|Any CPU
		{5B487CBA-9220-4739-BE97-BBDA8767F40C}.Release|Any CPU.Build.0 = Release|Any CPU
		{BA8701DD-4D1A-447B-9014-7653CE1F93CF}.Debug|Any CPU.ActiveCfg = Debug|Any CPU
		{BA8701DD-4D1A-447B-9014-7653CE1F93CF}.Debug|Any CPU.Build.0 = Debug|Any CPU
		{BA8701DD-4D1A-447B-9014-7653CE1F93CF}.Release|Any CPU.ActiveCfg = Release|Any CPU
		{BA8701DD-4D1A-447B-9014-7653CE1F93CF}.Release|Any CPU.Build.0 = Release|Any CPU
		{FBE02B5C-1814-4327-9D9D-ADFB3C851050}.Debug|Any CPU.ActiveCfg = Debug|Any CPU
		{FBE02B5C-1814-4327-9D9D-ADFB3C851050}.Debug|Any CPU.Build.0 = Debug|Any CPU
		{FBE02B5C-1814-4327-9D9D-ADFB3C851050}.Release|Any CPU.ActiveCfg = Release|Any CPU
		{FBE02B5C-1814-4327-9D9D-ADFB3C851050}.Release|Any CPU.Build.0 = Release|Any CPU
		{EE77EFEF-F53A-4897-BB62-C31000E2D3BB}.Debug|Any CPU.ActiveCfg = Debug|Any CPU
		{EE77EFEF-F53A-4897-BB62-C31000E2D3BB}.Debug|Any CPU.Build.0 = Debug|Any CPU
		{EE77EFEF-F53A-4897-BB62-C31000E2D3BB}.Release|Any CPU.ActiveCfg = Release|Any CPU
		{EE77EFEF-F53A-4897-BB62-C31000E2D3BB}.Release|Any CPU.Build.0 = Release|Any CPU
		{1100D862-EE7B-4BA2-B16A-EEE8753FDE0F}.Debug|Any CPU.ActiveCfg = Debug|Any CPU
		{1100D862-EE7B-4BA2-B16A-EEE8753FDE0F}.Debug|Any CPU.Build.0 = Debug|Any CPU
		{1100D862-EE7B-4BA2-B16A-EEE8753FDE0F}.Release|Any CPU.ActiveCfg = Release|Any CPU
		{1100D862-EE7B-4BA2-B16A-EEE8753FDE0F}.Release|Any CPU.Build.0 = Release|Any CPU
		{060948B5-895D-40A4-AD74-A2D37BBDA4C3}.Debug|Any CPU.ActiveCfg = Debug|Any CPU
		{060948B5-895D-40A4-AD74-A2D37BBDA4C3}.Debug|Any CPU.Build.0 = Debug|Any CPU
		{060948B5-895D-40A4-AD74-A2D37BBDA4C3}.Release|Any CPU.ActiveCfg = Release|Any CPU
		{060948B5-895D-40A4-AD74-A2D37BBDA4C3}.Release|Any CPU.Build.0 = Release|Any CPU
		{C05C7794-2C81-4857-844B-6CFDCE702156}.Debug|Any CPU.ActiveCfg = Debug|Any CPU
		{C05C7794-2C81-4857-844B-6CFDCE702156}.Debug|Any CPU.Build.0 = Debug|Any CPU
		{C05C7794-2C81-4857-844B-6CFDCE702156}.Release|Any CPU.ActiveCfg = Release|Any CPU
		{C05C7794-2C81-4857-844B-6CFDCE702156}.Release|Any CPU.Build.0 = Release|Any CPU
		{2425244C-1FC9-48B2-B76E-6B304F3CDBA6}.Debug|Any CPU.ActiveCfg = Debug|Any CPU
		{2425244C-1FC9-48B2-B76E-6B304F3CDBA6}.Debug|Any CPU.Build.0 = Debug|Any CPU
		{2425244C-1FC9-48B2-B76E-6B304F3CDBA6}.Release|Any CPU.ActiveCfg = Release|Any CPU
		{2425244C-1FC9-48B2-B76E-6B304F3CDBA6}.Release|Any CPU.Build.0 = Release|Any CPU
		{0463B892-B83A-4DAA-869B-F9385E15D738}.Debug|Any CPU.ActiveCfg = Debug|Any CPU
		{0463B892-B83A-4DAA-869B-F9385E15D738}.Debug|Any CPU.Build.0 = Debug|Any CPU
		{0463B892-B83A-4DAA-869B-F9385E15D738}.Release|Any CPU.ActiveCfg = Release|Any CPU
		{0463B892-B83A-4DAA-869B-F9385E15D738}.Release|Any CPU.Build.0 = Release|Any CPU
		{759B4209-5F32-4516-84BA-595E86AA2A41}.Debug|Any CPU.ActiveCfg = Debug|Any CPU
		{759B4209-5F32-4516-84BA-595E86AA2A41}.Debug|Any CPU.Build.0 = Debug|Any CPU
		{759B4209-5F32-4516-84BA-595E86AA2A41}.Release|Any CPU.ActiveCfg = Release|Any CPU
		{759B4209-5F32-4516-84BA-595E86AA2A41}.Release|Any CPU.Build.0 = Release|Any CPU
		{EDB0075D-BE75-481E-A56F-61EA6E1BAA16}.Debug|Any CPU.ActiveCfg = Debug|Any CPU
		{EDB0075D-BE75-481E-A56F-61EA6E1BAA16}.Debug|Any CPU.Build.0 = Debug|Any CPU
		{EDB0075D-BE75-481E-A56F-61EA6E1BAA16}.Release|Any CPU.ActiveCfg = Release|Any CPU
		{EDB0075D-BE75-481E-A56F-61EA6E1BAA16}.Release|Any CPU.Build.0 = Release|Any CPU
		{27EC7EA6-1E77-4CBF-A01C-D58364A05D0D}.Debug|Any CPU.ActiveCfg = Debug|Any CPU
		{27EC7EA6-1E77-4CBF-A01C-D58364A05D0D}.Debug|Any CPU.Build.0 = Debug|Any CPU
		{27EC7EA6-1E77-4CBF-A01C-D58364A05D0D}.Release|Any CPU.ActiveCfg = Release|Any CPU
		{27EC7EA6-1E77-4CBF-A01C-D58364A05D0D}.Release|Any CPU.Build.0 = Release|Any CPU
		{70675401-AEB2-442B-B7C5-52B76ADC0AC4}.Debug|Any CPU.ActiveCfg = Debug|Any CPU
		{70675401-AEB2-442B-B7C5-52B76ADC0AC4}.Debug|Any CPU.Build.0 = Debug|Any CPU
		{70675401-AEB2-442B-B7C5-52B76ADC0AC4}.Release|Any CPU.ActiveCfg = Release|Any CPU
		{70675401-AEB2-442B-B7C5-52B76ADC0AC4}.Release|Any CPU.Build.0 = Release|Any CPU
		{12FB48D7-8671-4DEF-951F-E055F177D73A}.Debug|Any CPU.ActiveCfg = Debug|Any CPU
		{12FB48D7-8671-4DEF-951F-E055F177D73A}.Debug|Any CPU.Build.0 = Debug|Any CPU
		{12FB48D7-8671-4DEF-951F-E055F177D73A}.Release|Any CPU.ActiveCfg = Release|Any CPU
		{12FB48D7-8671-4DEF-951F-E055F177D73A}.Release|Any CPU.Build.0 = Release|Any CPU
		{1848849B-DF9F-4F4C-97DF-2D5CA7E8D5DB}.Debug|Any CPU.ActiveCfg = Debug|Any CPU
		{1848849B-DF9F-4F4C-97DF-2D5CA7E8D5DB}.Debug|Any CPU.Build.0 = Debug|Any CPU
		{1848849B-DF9F-4F4C-97DF-2D5CA7E8D5DB}.Release|Any CPU.ActiveCfg = Release|Any CPU
		{1848849B-DF9F-4F4C-97DF-2D5CA7E8D5DB}.Release|Any CPU.Build.0 = Release|Any CPU
	EndGlobalSection
	GlobalSection(SolutionProperties) = preSolution
		HideSolutionNode = FALSE
	EndGlobalSection
	GlobalSection(ExtensibilityGlobals) = postSolution
		SolutionGuid = {E4892439-A8E8-482C-8D8B-DDD4BC507B87}
	EndGlobalSection
EndGlobal
