
Microsoft Visual Studio Solution File, Format Version 9.00
# Visual Studio 2005
Project("{FAE04EC0-301F-11D3-BF4B-00C04F79EFBC}") = "DuAnVay", "DuAnVay.csproj", "{C05C7794-2C81-4857-844B-6CFDCE702156}"
EndProject
Project("{FAE04EC0-301F-11D3-BF4B-00C04F79EFBC}") = "CDT", "..\..\..\..\Lap trinh\VanTho\Working\CDT\CDT.csproj", "{A48C0424-B640-40F9-9F72-9D96667B6160}"
EndProject
Global
	GlobalSection(SourceCodeControl) = preSolution
		SccNumberOfProjects = 1
		SccProjectUniqueName0 = ..\\..\\..\\..\\Lap\u0020trinh\\VanTho\\Working\\CDT\\CDT.csproj
		SccProjectName0 = \u0022$/Source/CDT\u0022,\u0020WGAAAAAA
		SccLocalPath0 = ..\\..\\..\\..\\Lap\u0020trinh\\VanTho\\Working\\CDT
		SccProvider0 = MSSCCI:Microsoft\u0020Visual\u0020SourceSafe
	EndGlobalSection
	GlobalSection(SolutionConfigurationPlatforms) = preSolution
		Debug|Any CPU = Debug|Any CPU
		Release|Any CPU = Release|Any CPU
	EndGlobalSection
	GlobalSection(ProjectConfigurationPlatforms) = postSolution
		{C05C7794-2C81-4857-844B-6CFDCE702156}.Debug|Any CPU.ActiveCfg = Debug|Any CPU
		{C05C7794-2C81-4857-844B-6CFDCE702156}.Debug|Any CPU.Build.0 = Debug|Any CPU
		{C05C7794-2C81-4857-844B-6CFDCE702156}.Release|Any CPU.ActiveCfg = Release|Any CPU
		{C05C7794-2C81-4857-844B-6CFDCE702156}.Release|Any CPU.Build.0 = Release|Any CPU
		{A48C0424-B640-40F9-9F72-9D96667B6160}.Debug|Any CPU.ActiveCfg = Debug|Any CPU
		{A48C0424-B640-40F9-9F72-9D96667B6160}.Debug|Any CPU.Build.0 = Debug|Any CPU
		{A48C0424-B640-40F9-9F72-9D96667B6160}.Release|Any CPU.ActiveCfg = Release|Any CPU
		{A48C0424-B640-40F9-9F72-9D96667B6160}.Release|Any CPU.Build.0 = Release|Any CPU
	EndGlobalSection
	GlobalSection(SolutionProperties) = preSolution
		HideSolutionNode = FALSE
	EndGlobalSection
EndGlobal
