
Microsoft Visual Studio Solution File, Format Version 9.00
# Visual Studio 2005
Project("{FAE04EC0-301F-11D3-BF4B-00C04F79EFBC}") = "CheckSoCMND", "CheckSoCMND.csproj", "{BA8701DD-4D1A-447B-9014-7653CE1F93CF}"
EndProject
Global
	GlobalSection(SolutionConfigurationPlatforms) = preSolution
		Debug|Any CPU = Debug|Any CPU
		Release|Any CPU = Release|Any CPU
	EndGlobalSection
	GlobalSection(ProjectConfigurationPlatforms) = postSolution
		{BA8701DD-4D1A-447B-9014-7653CE1F93CF}.Debug|Any CPU.ActiveCfg = Debug|Any CPU
		{BA8701DD-4D1A-447B-9014-7653CE1F93CF}.Debug|Any CPU.Build.0 = Debug|Any CPU
		{BA8701DD-4D1A-447B-9014-7653CE1F93CF}.Release|Any CPU.ActiveCfg = Release|Any CPU
		{BA8701DD-4D1A-447B-9014-7653CE1F93CF}.Release|Any CPU.Build.0 = Release|Any CPU
	EndGlobalSection
	GlobalSection(SolutionProperties) = preSolution
		HideSolutionNode = FALSE
	EndGlobalSection
EndGlobal
