
Microsoft Visual Studio Solution File, Format Version 9.00
# Visual Studio 2005
Project("{FAE04EC0-301F-11D3-BF4B-00C04F79EFBC}") = "GetToTrinh", "GetToTrinh.csproj", "{6F4AFE8D-C7FE-4A4C-B910-3DCFDBA9E989}"
EndProject
Project("{FAE04EC0-301F-11D3-BF4B-00C04F79EFBC}") = "CDT", "..\..\CDT_HND\CDT.csproj", "{A48C0424-B640-40F9-9F72-9D96667B6160}"
EndProject
Global
	GlobalSection(SolutionConfigurationPlatforms) = preSolution
		Debug|Any CPU = Debug|Any CPU
		Release|Any CPU = Release|Any CPU
	EndGlobalSection
	GlobalSection(ProjectConfigurationPlatforms) = postSolution
		{6F4AFE8D-C7FE-4A4C-B910-3DCFDBA9E989}.Debug|Any CPU.ActiveCfg = Debug|Any CPU
		{6F4AFE8D-C7FE-4A4C-B910-3DCFDBA9E989}.Debug|Any CPU.Build.0 = Debug|Any CPU
		{6F4AFE8D-C7FE-4A4C-B910-3DCFDBA9E989}.Release|Any CPU.ActiveCfg = Release|Any CPU
		{6F4AFE8D-C7FE-4A4C-B910-3DCFDBA9E989}.Release|Any CPU.Build.0 = Release|Any CPU
		{A48C0424-B640-40F9-9F72-9D96667B6160}.Debug|Any CPU.ActiveCfg = Debug|Any CPU
		{A48C0424-B640-40F9-9F72-9D96667B6160}.Debug|Any CPU.Build.0 = Debug|Any CPU
		{A48C0424-B640-40F9-9F72-9D96667B6160}.Release|Any CPU.ActiveCfg = Release|Any CPU
		{A48C0424-B640-40F9-9F72-9D96667B6160}.Release|Any CPU.Build.0 = Release|Any CPU
	EndGlobalSection
	GlobalSection(SolutionProperties) = preSolution
		HideSolutionNode = FALSE
	EndGlobalSection
EndGlobal
